// !$*UTF8*$!
{
	archiveVersion = 1;
	classes = {
	};
	objectVersion = 50;
	objects = {

/* Begin PBXBuildFile section */
		A16AEE7425B0851500B20DEF /* ScreenShot04.png in Resources */ = {isa = PBXBuildFile; fileRef = A16AEE7025B0851400B20DEF /* ScreenShot04.png */; };
		A16AEE7525B0851500B20DEF /* ScreenShot02.png in Resources */ = {isa = PBXBuildFile; fileRef = A16AEE7125B0851400B20DEF /* ScreenShot02.png */; };
		A16AEE7625B0851500B20DEF /* ScreenShot01.png in Resources */ = {isa = PBXBuildFile; fileRef = A16AEE7225B0851400B20DEF /* ScreenShot01.png */; };
		A16AEE7725B0851500B20DEF /* ScreenShot03.png in Resources */ = {isa = PBXBuildFile; fileRef = A16AEE7325B0851500B20DEF /* ScreenShot03.png */; };
		A195FBCC25D10A3E0051B8A4 /* imageResize.swift in Sources */ = {isa = PBXBuildFile; fileRef = A195FBCB25D10A3E0051B8A4 /* imageResize.swift */; };
		A195FBCF25D10A820051B8A4 /* zodiacModel.swift in Sources */ = {isa = PBXBuildFile; fileRef = A195FBCE25D10A820051B8A4 /* zodiacModel.swift */; };
		A195FBD225D11DD80051B8A4 /* znakZodiacModel.swift in Sources */ = {isa = PBXBuildFile; fileRef = A195FBD125D11DD80051B8A4 /* znakZodiacModel.swift */; };
		A1A229EC25A4B40C00CF8B99 /* AppDelegate.swift in Sources */ = {isa = PBXBuildFile; fileRef = A1A229EB25A4B40C00CF8B99 /* AppDelegate.swift */; };
		A1A229EE25A4B40C00CF8B99 /* SceneDelegate.swift in Sources */ = {isa = PBXBuildFile; fileRef = A1A229ED25A4B40C00CF8B99 /* SceneDelegate.swift */; };
		A1A229F325A4B40C00CF8B99 /* Main.storyboard in Resources */ = {isa = PBXBuildFile; fileRef = A1A229F125A4B40C00CF8B99 /* Main.storyboard */; };
		A1A229F525A4B40D00CF8B99 /* Assets.xcassets in Resources */ = {isa = PBXBuildFile; fileRef = A1A229F425A4B40D00CF8B99 /* Assets.xcassets */; };
		A1A229F825A4B40D00CF8B99 /* LaunchScreen.storyboard in Resources */ = {isa = PBXBuildFile; fileRef = A1A229F625A4B40D00CF8B99 /* LaunchScreen.storyboard */; };
		A1A22A0325A4B4AD00CF8B99 /* ChinaViewController.swift in Sources */ = {isa = PBXBuildFile; fileRef = A1A22A0225A4B4AD00CF8B99 /* ChinaViewController.swift */; };
		A1D0C8C125A592E200EA4047 /* DetailViewController.swift in Sources */ = {isa = PBXBuildFile; fileRef = A1D0C8C025A592E200EA4047 /* DetailViewController.swift */; };
		A1EE623A25ACAEB10025FFEF /* ZodiacViewController.swift in Sources */ = {isa = PBXBuildFile; fileRef = A1EE623925ACAEB10025FFEF /* ZodiacViewController.swift */; };
		A1EE623D25ACC3E10025FFEF /* DetailZodiacViewController.swift in Sources */ = {isa = PBXBuildFile; fileRef = A1EE623C25ACC3E10025FFEF /* DetailZodiacViewController.swift */; };
/* End PBXBuildFile section */

/* Begin PBXFileReference section */
		A16AEE7025B0851400B20DEF /* ScreenShot04.png */ = {isa = PBXFileReference; lastKnownFileType = image.png; path = ScreenShot04.png; sourceTree = "<group>"; };
		A16AEE7125B0851400B20DEF /* ScreenShot02.png */ = {isa = PBXFileReference; lastKnownFileType = image.png; path = ScreenShot02.png; sourceTree = "<group>"; };
		A16AEE7225B0851400B20DEF /* ScreenShot01.png */ = {isa = PBXFileReference; lastKnownFileType = image.png; path = ScreenShot01.png; sourceTree = "<group>"; };
		A16AEE7325B0851500B20DEF /* ScreenShot03.png */ = {isa = PBXFileReference; lastKnownFileType = image.png; path = ScreenShot03.png; sourceTree = "<group>"; };
		A195FBCB25D10A3E0051B8A4 /* imageResize.swift */ = {isa = PBXFileReference; lastKnownFileType = sourcecode.swift; path = imageResize.swift; sourceTree = "<group>"; };
		A195FBCE25D10A820051B8A4 /* zodiacModel.swift */ = {isa = PBXFileReference; lastKnownFileType = sourcecode.swift; path = zodiacModel.swift; sourceTree = "<group>"; };
		A195FBD125D11DD80051B8A4 /* znakZodiacModel.swift */ = {isa = PBXFileReference; lastKnownFileType = sourcecode.swift; path = znakZodiacModel.swift; sourceTree = "<group>"; };
		A1A229E825A4B40C00CF8B99 /* ChinaZodiac.app */ = {isa = PBXFileReference; explicitFileType = wrapper.application; includeInIndex = 0; path = ChinaZodiac.app; sourceTree = BUILT_PRODUCTS_DIR; };
		A1A229EB25A4B40C00CF8B99 /* AppDelegate.swift */ = {isa = PBXFileReference; lastKnownFileType = sourcecode.swift; path = AppDelegate.swift; sourceTree = "<group>"; };
		A1A229ED25A4B40C00CF8B99 /* SceneDelegate.swift */ = {isa = PBXFileReference; lastKnownFileType = sourcecode.swift; path = SceneDelegate.swift; sourceTree = "<group>"; };
		A1A229F225A4B40C00CF8B99 /* Base */ = {isa = PBXFileReference; lastKnownFileType = file.storyboard; name = Base; path = Base.lproj/Main.storyboard; sourceTree = "<group>"; };
		A1A229F425A4B40D00CF8B99 /* Assets.xcassets */ = {isa = PBXFileReference; lastKnownFileType = folder.assetcatalog; path = Assets.xcassets; sourceTree = "<group>"; };
		A1A229F725A4B40D00CF8B99 /* Base */ = {isa = PBXFileReference; lastKnownFileType = file.storyboard; name = Base; path = Base.lproj/LaunchScreen.storyboard; sourceTree = "<group>"; };
		A1A229F925A4B40D00CF8B99 /* Info.plist */ = {isa = PBXFileReference; lastKnownFileType = text.plist.xml; path = Info.plist; sourceTree = "<group>"; };
		A1A22A0225A4B4AD00CF8B99 /* ChinaViewController.swift */ = {isa = PBXFileReference; lastKnownFileType = sourcecode.swift; path = ChinaViewController.swift; sourceTree = "<group>"; };
		A1D0C8C025A592E200EA4047 /* DetailViewController.swift */ = {isa = PBXFileReference; lastKnownFileType = sourcecode.swift; path = DetailViewController.swift; sourceTree = "<group>"; };
		A1EE623925ACAEB10025FFEF /* ZodiacViewController.swift */ = {isa = PBXFileReference; lastKnownFileType = sourcecode.swift; path = ZodiacViewController.swift; sourceTree = "<group>"; };
		A1EE623C25ACC3E10025FFEF /* DetailZodiacViewController.swift */ = {isa = PBXFileReference; lastKnownFileType = sourcecode.swift; path = DetailZodiacViewController.swift; sourceTree = "<group>"; };
/* End PBXFileReference section */

/* Begin PBXFrameworksBuildPhase section */
		A1A229E525A4B40C00CF8B99 /* Frameworks */ = {
			isa = PBXFrameworksBuildPhase;
			buildActionMask = 2147483647;
			files = (
			);
			runOnlyForDeploymentPostprocessing = 0;
		};
/* End PBXFrameworksBuildPhase section */

/* Begin PBXGroup section */
		A16AEE6F25B084EF00B20DEF /* ScreenShots */ = {
			isa = PBXGroup;
			children = (
				A16AEE7225B0851400B20DEF /* ScreenShot01.png */,
				A16AEE7125B0851400B20DEF /* ScreenShot02.png */,
				A16AEE7325B0851500B20DEF /* ScreenShot03.png */,
				A16AEE7025B0851400B20DEF /* ScreenShot04.png */,
			);
			path = ScreenShots;
			sourceTree = "<group>";
		};
		A1A229DF25A4B40C00CF8B99 = {
			isa = PBXGroup;
			children = (
				A1A229EA25A4B40C00CF8B99 /* ChinaZodiac */,
				A1A229E925A4B40C00CF8B99 /* Products */,
			);
			sourceTree = "<group>";
		};
		A1A229E925A4B40C00CF8B99 /* Products */ = {
			isa = PBXGroup;
			children = (
				A1A229E825A4B40C00CF8B99 /* ChinaZodiac.app */,
			);
			name = Products;
			sourceTree = "<group>";
		};
		A1A229EA25A4B40C00CF8B99 /* ChinaZodiac */ = {
			isa = PBXGroup;
			children = (
				A16AEE6F25B084EF00B20DEF /* ScreenShots */,
				A1A229EB25A4B40C00CF8B99 /* AppDelegate.swift */,
				A1A22A0225A4B4AD00CF8B99 /* ChinaViewController.swift */,
				A1EE623925ACAEB10025FFEF /* ZodiacViewController.swift */,
				A1D0C8C025A592E200EA4047 /* DetailViewController.swift */,
				A195FBCB25D10A3E0051B8A4 /* imageResize.swift */,
				A195FBCE25D10A820051B8A4 /* zodiacModel.swift */,
				A195FBD125D11DD80051B8A4 /* znakZodiacModel.swift */,
				A1EE623C25ACC3E10025FFEF /* DetailZodiacViewController.swift */,
				A1A229ED25A4B40C00CF8B99 /* SceneDelegate.swift */,
				A1A229F125A4B40C00CF8B99 /* Main.storyboard */,
				A1A229F425A4B40D00CF8B99 /* Assets.xcassets */,
				A1A229F625A4B40D00CF8B99 /* LaunchScreen.storyboard */,
				A1A229F925A4B40D00CF8B99 /* Info.plist */,
			);
			path = ChinaZodiac;
			sourceTree = "<group>";
		};
/* End PBXGroup section */

/* Begin PBXNativeTarget section */
		A1A229E725A4B40C00CF8B99 /* ChinaZodiac */ = {
			isa = PBXNativeTarget;
			buildConfigurationList = A1A229FC25A4B40D00CF8B99 /* Build configuration list for PBXNativeTarget "ChinaZodiac" */;
			buildPhases = (
				A1A229E425A4B40C00CF8B99 /* Sources */,
				A1A229E525A4B40C00CF8B99 /* Frameworks */,
				A1A229E625A4B40C00CF8B99 /* Resources */,
			);
			buildRules = (
			);
			dependencies = (
			);
			name = ChinaZodiac;
			productName = ChinaZodiac;
			productReference = A1A229E825A4B40C00CF8B99 /* ChinaZodiac.app */;
			productType = "com.apple.product-type.application";
		};
/* End PBXNativeTarget section */

/* Begin PBXProject section */
		A1A229E025A4B40C00CF8B99 /* Project object */ = {
			isa = PBXProject;
			attributes = {
				LastSwiftUpdateCheck = 1230;
				LastUpgradeCheck = 1230;
				TargetAttributes = {
					A1A229E725A4B40C00CF8B99 = {
						CreatedOnToolsVersion = 12.3;
					};
				};
			};
			buildConfigurationList = A1A229E325A4B40C00CF8B99 /* Build configuration list for PBXProject "ChinaZodiac" */;
			compatibilityVersion = "Xcode 9.3";
			developmentRegion = en;
			hasScannedForEncodings = 0;
			knownRegions = (
				en,
				Base,
			);
			mainGroup = A1A229DF25A4B40C00CF8B99;
			productRefGroup = A1A229E925A4B40C00CF8B99 /* Products */;
			projectDirPath = "";
			projectRoot = "";
			targets = (
				A1A229E725A4B40C00CF8B99 /* ChinaZodiac */,
			);
		};
/* End PBXProject section */

/* Begin PBXResourcesBuildPhase section */
		A1A229E625A4B40C00CF8B99 /* Resources */ = {
			isa = PBXResourcesBuildPhase;
			buildActionMask = 2147483647;
			files = (
				A16AEE7525B0851500B20DEF /* ScreenShot02.png in Resources */,
				A1A229F825A4B40D00CF8B99 /* LaunchScreen.storyboard in Resources */,
				A16AEE7625B0851500B20DEF /* ScreenShot01.png in Resources */,
				A16AEE7425B0851500B20DEF /* ScreenShot04.png in Resources */,
				A16AEE7725B0851500B20DEF /* ScreenShot03.png in Resources */,
				A1A229F525A4B40D00CF8B99 /* Assets.xcassets in Resources */,
				A1A229F325A4B40C00CF8B99 /* Main.storyboard in Resources */,
			);
			runOnlyForDeploymentPostprocessing = 0;
		};
/* End PBXResourcesBuildPhase section */

/* Begin PBXSourcesBuildPhase section */
		A1A229E425A4B40C00CF8B99 /* Sources */ = {
			isa = PBXSourcesBuildPhase;
			buildActionMask = 2147483647;
			files = (
				A1A229EC25A4B40C00CF8B99 /* AppDelegate.swift in Sources */,
				A195FBD225D11DD80051B8A4 /* znakZodiacModel.swift in Sources */,
				A1A229EE25A4B40C00CF8B99 /* SceneDelegate.swift in Sources */,
				A1EE623D25ACC3E10025FFEF /* DetailZodiacViewController.swift in Sources */,
				A195FBCC25D10A3E0051B8A4 /* imageResize.swift in Sources */,
				A1EE623A25ACAEB10025FFEF /* ZodiacViewController.swift in Sources */,
				A1A22A0325A4B4AD00CF8B99 /* ChinaViewController.swift in Sources */,
				A1D0C8C125A592E200EA4047 /* DetailViewController.swift in Sources */,
				A195FBCF25D10A820051B8A4 /* zodiacModel.swift in Sources */,
			);
			runOnlyForDeploymentPostprocessing = 0;
		};
/* End PBXSourcesBuildPhase section */

/* Begin PBXVariantGroup section */
		A1A229F125A4B40C00CF8B99 /* Main.storyboard */ = {
			isa = PBXVariantGroup;
			children = (
				A1A229F225A4B40C00CF8B99 /* Base */,
			);
			name = Main.storyboard;
			sourceTree = "<group>";
		};
		A1A229F625A4B40D00CF8B99 /* LaunchScreen.storyboard */ = {
			isa = PBXVariantGroup;
			children = (
				A1A229F725A4B40D00CF8B99 /* Base */,
			);
			name = LaunchScreen.storyboard;
			sourceTree = "<group>";
		};
/* End PBXVariantGroup section */

/* Begin XCBuildConfiguration section */
		A1A229FA25A4B40D00CF8B99 /* Debug */ = {
			isa = XCBuildConfiguration;
			buildSettings = {
				ALWAYS_SEARCH_USER_PATHS = NO;
				CLANG_ANALYZER_NONNULL = YES;
				CLANG_ANALYZER_NUMBER_OBJECT_CONVERSION = YES_AGGRESSIVE;
				CLANG_CXX_LANGUAGE_STANDARD = "gnu++14";
				CLANG_CXX_LIBRARY = "libc++";
				CLANG_ENABLE_MODULES = YES;
				CLANG_ENABLE_OBJC_ARC = YES;
				CLANG_ENABLE_OBJC_WEAK = YES;
				CLANG_WARN_BLOCK_CAPTURE_AUTORELEASING = YES;
				CLANG_WARN_BOOL_CONVERSION = YES;
				CLANG_WARN_COMMA = YES;
				CLANG_WARN_CONSTANT_CONVERSION = YES;
				CLANG_WARN_DEPRECATED_OBJC_IMPLEMENTATIONS = YES;
				CLANG_WARN_DIRECT_OBJC_ISA_USAGE = YES_ERROR;
				CLANG_WARN_DOCUMENTATION_COMMENTS = YES;
				CLANG_WARN_EMPTY_BODY = YES;
				CLANG_WARN_ENUM_CONVERSION = YES;
				CLANG_WARN_INFINITE_RECURSION = YES;
				CLANG_WARN_INT_CONVERSION = YES;
				CLANG_WARN_NON_LITERAL_NULL_CONVERSION = YES;
				CLANG_WARN_OBJC_IMPLICIT_RETAIN_SELF = YES;
				CLANG_WARN_OBJC_LITERAL_CONVERSION = YES;
				CLANG_WARN_OBJC_ROOT_CLASS = YES_ERROR;
				CLANG_WARN_QUOTED_INCLUDE_IN_FRAMEWORK_HEADER = YES;
				CLANG_WARN_RANGE_LOOP_ANALYSIS = YES;
				CLANG_WARN_STRICT_PROTOTYPES = YES;
				CLANG_WARN_SUSPICIOUS_MOVE = YES;
				CLANG_WARN_UNGUARDED_AVAILABILITY = YES_AGGRESSIVE;
				CLANG_WARN_UNREACHABLE_CODE = YES;
				CLANG_WARN__DUPLICATE_METHOD_MATCH = YES;
				COPY_PHASE_STRIP = NO;
				DEBUG_INFORMATION_FORMAT = dwarf;
				ENABLE_STRICT_OBJC_MSGSEND = YES;
				ENABLE_TESTABILITY = YES;
				GCC_C_LANGUAGE_STANDARD = gnu11;
				GCC_DYNAMIC_NO_PIC = NO;
				GCC_NO_COMMON_BLOCKS = YES;
				GCC_OPTIMIZATION_LEVEL = 0;
				GCC_PREPROCESSOR_DEFINITIONS = (
					"DEBUG=1",
					"$(inherited)",
				);
				GCC_WARN_64_TO_32_BIT_CONVERSION = YES;
				GCC_WARN_ABOUT_RETURN_TYPE = YES_ERROR;
				GCC_WARN_UNDECLARED_SELECTOR = YES;
				GCC_WARN_UNINITIALIZED_AUTOS = YES_AGGRESSIVE;
				GCC_WARN_UNUSED_FUNCTION = YES;
				GCC_WARN_UNUSED_VARIABLE = YES;
				IPHONEOS_DEPLOYMENT_TARGET = 14.3;
				MTL_ENABLE_DEBUG_INFO = INCLUDE_SOURCE;
				MTL_FAST_MATH = YES;
				ONLY_ACTIVE_ARCH = YES;
				SDKROOT = iphoneos;
				SWIFT_ACTIVE_COMPILATION_CONDITIONS = DEBUG;
				SWIFT_OPTIMIZATION_LEVEL = "-Onone";
			};
			name = Debug;
		};
		A1A229FB25A4B40D00CF8B99 /* Release */ = {
			isa = XCBuildConfiguration;
			buildSettings = {
				ALWAYS_SEARCH_USER_PATHS = NO;
				CLANG_ANALYZER_NONNULL = YES;
				CLANG_ANALYZER_NUMBER_OBJECT_CONVERSION = YES_AGGRESSIVE;
				CLANG_CXX_LANGUAGE_STANDARD = "gnu++14";
				CLANG_CXX_LIBRARY = "libc++";
				CLANG_ENABLE_MODULES = YES;
				CLANG_ENABLE_OBJC_ARC = YES;
				CLANG_ENABLE_OBJC_WEAK = YES;
				CLANG_WARN_BLOCK_CAPTURE_AUTORELEASING = YES;
				CLANG_WARN_BOOL_CONVERSION = YES;
				CLANG_WARN_COMMA = YES;
				CLANG_WARN_CONSTANT_CONVERSION = YES;
				CLANG_WARN_DEPRECATED_OBJC_IMPLEMENTATIONS = YES;
				CLANG_WARN_DIRECT_OBJC_ISA_USAGE = YES_ERROR;
				CLANG_WARN_DOCUMENTATION_COMMENTS = YES;
				CLANG_WARN_EMPTY_BODY = YES;
				CLANG_WARN_ENUM_CONVERSION = YES;
				CLANG_WARN_INFINITE_RECURSION = YES;
				CLANG_WARN_INT_CONVERSION = YES;
				CLANG_WARN_NON_LITERAL_NULL_CONVERSION = YES;
				CLANG_WARN_OBJC_IMPLICIT_RETAIN_SELF = YES;
				CLANG_WARN_OBJC_LITERAL_CONVERSION = YES;
				CLANG_WARN_OBJC_ROOT_CLASS = YES_ERROR;
				CLANG_WARN_QUOTED_INCLUDE_IN_FRAMEWORK_HEADER = YES;
				CLANG_WARN_RANGE_LOOP_ANALYSIS = YES;
				CLANG_WARN_STRICT_PROTOTYPES = YES;
				CLANG_WARN_SUSPICIOUS_MOVE = YES;
				CLANG_WARN_UNGUARDED_AVAILABILITY = YES_AGGRESSIVE;
				CLANG_WARN_UNREACHABLE_CODE = YES;
				CLANG_WARN__DUPLICATE_METHOD_MATCH = YES;
				COPY_PHASE_STRIP = NO;
				DEBUG_INFORMATION_FORMAT = "dwarf-with-dsym";
				ENABLE_NS_ASSERTIONS = NO;
				ENABLE_STRICT_OBJC_MSGSEND = YES;
				GCC_C_LANGUAGE_STANDARD = gnu11;
				GCC_NO_COMMON_BLOCKS = YES;
				GCC_WARN_64_TO_32_BIT_CONVERSION = YES;
				GCC_WARN_ABOUT_RETURN_TYPE = YES_ERROR;
				GCC_WARN_UNDECLARED_SELECTOR = YES;
				GCC_WARN_UNINITIALIZED_AUTOS = YES_AGGRESSIVE;
				GCC_WARN_UNUSED_FUNCTION = YES;
				GCC_WARN_UNUSED_VARIABLE = YES;
				IPHONEOS_DEPLOYMENT_TARGET = 14.3;
				MTL_ENABLE_DEBUG_INFO = NO;
				MTL_FAST_MATH = YES;
				SDKROOT = iphoneos;
				SWIFT_COMPILATION_MODE = wholemodule;
				SWIFT_OPTIMIZATION_LEVEL = "-O";
				VALIDATE_PRODUCT = YES;
			};
			name = Release;
		};
		A1A229FD25A4B40D00CF8B99 /* Debug */ = {
			isa = XCBuildConfiguration;
			buildSettings = {
				ASSETCATALOG_COMPILER_APPICON_NAME = AppIcon;
				ASSETCATALOG_COMPILER_GLOBAL_ACCENT_COLOR_NAME = AccentColor;
				CODE_SIGN_STYLE = Automatic;
				DEVELOPMENT_TEAM = TURJQ23G7Y;
				INFOPLIST_FILE = ChinaZodiac/Info.plist;
				IPHONEOS_DEPLOYMENT_TARGET = 13.6;
				LD_RUNPATH_SEARCH_PATHS = (
					"$(inherited)",
					"@executable_path/Frameworks",
				);
				PRODUCT_BUNDLE_IDENTIFIER = "Andrey-Dvoytsov.ChinaZodiac";
				PRODUCT_NAME = "$(TARGET_NAME)";
				SWIFT_VERSION = 5.0;
				TARGETED_DEVICE_FAMILY = "1,2";
			};
			name = Debug;
		};
		A1A229FE25A4B40D00CF8B99 /* Release */ = {
			isa = XCBuildConfiguration;
			buildSettings = {
				ASSETCATALOG_COMPILER_APPICON_NAME = AppIcon;
				ASSETCATALOG_COMPILER_GLOBAL_ACCENT_COLOR_NAME = AccentColor;
				CODE_SIGN_STYLE = Automatic;
				DEVELOPMENT_TEAM = TURJQ23G7Y;
				INFOPLIST_FILE = ChinaZodiac/Info.plist;
				IPHONEOS_DEPLOYMENT_TARGET = 13.6;
				LD_RUNPATH_SEARCH_PATHS = (
					"$(inherited)",
					"@executable_path/Frameworks",
				);
				PRODUCT_BUNDLE_IDENTIFIER = "Andrey-Dvoytsov.ChinaZodiac";
				PRODUCT_NAME = "$(TARGET_NAME)";
				SWIFT_VERSION = 5.0;
				TARGETED_DEVICE_FAMILY = "1,2";
			};
			name = Release;
		};
/* End XCBuildConfiguration section */

/* Begin XCConfigurationList section */
		A1A229E325A4B40C00CF8B99 /* Build configuration list for PBXProject "ChinaZodiac" */ = {
			isa = XCConfigurationList;
			buildConfigurations = (
				A1A229FA25A4B40D00CF8B99 /* Debug */,
				A1A229FB25A4B40D00CF8B99 /* Release */,
			);
			defaultConfigurationIsVisible = 0;
			defaultConfigurationName = Release;
		};
		A1A229FC25A4B40D00CF8B99 /* Build configuration list for PBXNativeTarget "ChinaZodiac" */ = {
			isa = XCConfigurationList;
			buildConfigurations = (
				A1A229FD25A4B40D00CF8B99 /* Debug */,
				A1A229FE25A4B40D00CF8B99 /* Release */,
			);
			defaultConfigurationIsVisible = 0;
			defaultConfigurationName = Release;
		};
/* End XCConfigurationList section */
	};
	rootObject = A1A229E025A4B40C00CF8B99 /* Project object */;
}
